// !$*UTF8*$!
{
	archiveVersion = 1;
	classes = {
	};
	objectVersion = 50;
	objects = {

/* Begin PBXBuildFile section */
		043A3C7826BDADC200748E3B /* AppDelegate.swift in Sources */ = {isa = PBXBuildFile; fileRef = 043A3C7726BDADC200748E3B /* AppDelegate.swift */; };
		043A3C7A26BDADC200748E3B /* SceneDelegate.swift in Sources */ = {isa = PBXBuildFile; fileRef = 043A3C7926BDADC200748E3B /* SceneDelegate.swift */; };
		043A3C8126BDADC500748E3B /* Assets.xcassets in Resources */ = {isa = PBXBuildFile; fileRef = 043A3C8026BDADC500748E3B /* Assets.xcassets */; };
		043A3C8426BDADC500748E3B /* LaunchScreen.storyboard in Resources */ = {isa = PBXBuildFile; fileRef = 043A3C8226BDADC500748E3B /* LaunchScreen.storyboard */; };
		043A3C8C26BDAF4D00748E3B /* VideoTherapyPlayerView.swift in Sources */ = {isa = PBXBuildFile; fileRef = 043A3C8B26BDAF4D00748E3B /* VideoTherapyPlayerView.swift */; };
		043A3C8F26BF0BEF00748E3B /* VideoTherapyPlayerProtocol.swift in Sources */ = {isa = PBXBuildFile; fileRef = 043A3C8E26BF0BEF00748E3B /* VideoTherapyPlayerProtocol.swift */; };
		043A3C9226BF0EDD00748E3B /* PlaybackButton.swift in Sources */ = {isa = PBXBuildFile; fileRef = 043A3C9126BF0EDD00748E3B /* PlaybackButton.swift */; };
		043A3C9426C1829900748E3B /* VideoTherapyPlayer.swift in Sources */ = {isa = PBXBuildFile; fileRef = 043A3C9326C1829900748E3B /* VideoTherapyPlayer.swift */; };
		043A3C9626C1DA6A00748E3B /* TimelineSlider.swift in Sources */ = {isa = PBXBuildFile; fileRef = 043A3C9526C1DA6900748E3B /* TimelineSlider.swift */; };
		043A3C9B26C2EA8700748E3B /* PlaybackRateButton.swift in Sources */ = {isa = PBXBuildFile; fileRef = 043A3C9A26C2EA8700748E3B /* PlaybackRateButton.swift */; };
		043A3C9E26C2ECEA00748E3B /* PlaybackRates.swift in Sources */ = {isa = PBXBuildFile; fileRef = 043A3C9D26C2ECEA00748E3B /* PlaybackRates.swift */; };
		0477DE1D26C3268900D670FE /* VideoTherapyViewModel.swift in Sources */ = {isa = PBXBuildFile; fileRef = 0477DE1A26C3268900D670FE /* VideoTherapyViewModel.swift */; };
		0477DE1E26C3268900D670FE /* VideoTherapyModel.swift in Sources */ = {isa = PBXBuildFile; fileRef = 0477DE1B26C3268900D670FE /* VideoTherapyModel.swift */; };
		0477DE1F26C3268900D670FE /* VideoTherapyViewController.swift in Sources */ = {isa = PBXBuildFile; fileRef = 0477DE1C26C3268900D670FE /* VideoTherapyViewController.swift */; };
		0477DE2126C3292B00D670FE /* TherapyCoordinator.swift in Sources */ = {isa = PBXBuildFile; fileRef = 0477DE2026C3292B00D670FE /* TherapyCoordinator.swift */; };
		0477DE2426C32A6700D670FE /* TherapyQuestionViewController.swift in Sources */ = {isa = PBXBuildFile; fileRef = 0477DE2326C32A6700D670FE /* TherapyQuestionViewController.swift */; };
/* End PBXBuildFile section */

/* Begin PBXFileReference section */
		043A3C7426BDADC200748E3B /* CustomVideoPlayer.app */ = {isa = PBXFileReference; explicitFileType = wrapper.application; includeInIndex = 0; path = CustomVideoPlayer.app; sourceTree = BUILT_PRODUCTS_DIR; };
		043A3C7726BDADC200748E3B /* AppDelegate.swift */ = {isa = PBXFileReference; lastKnownFileType = sourcecode.swift; path = AppDelegate.swift; sourceTree = "<group>"; };
		043A3C7926BDADC200748E3B /* SceneDelegate.swift */ = {isa = PBXFileReference; lastKnownFileType = sourcecode.swift; path = SceneDelegate.swift; sourceTree = "<group>"; };
		043A3C8026BDADC500748E3B /* Assets.xcassets */ = {isa = PBXFileReference; lastKnownFileType = folder.assetcatalog; path = Assets.xcassets; sourceTree = "<group>"; };
		043A3C8326BDADC500748E3B /* Base */ = {isa = PBXFileReference; lastKnownFileType = file.storyboard; name = Base; path = Base.lproj/LaunchScreen.storyboard; sourceTree = "<group>"; };
		043A3C8526BDADC500748E3B /* Info.plist */ = {isa = PBXFileReference; lastKnownFileType = text.plist.xml; path = Info.plist; sourceTree = "<group>"; };
		043A3C8B26BDAF4D00748E3B /* VideoTherapyPlayerView.swift */ = {isa = PBXFileReference; lastKnownFileType = sourcecode.swift; path = VideoTherapyPlayerView.swift; sourceTree = "<group>"; };
		043A3C8E26BF0BEF00748E3B /* VideoTherapyPlayerProtocol.swift */ = {isa = PBXFileReference; lastKnownFileType = sourcecode.swift; path = VideoTherapyPlayerProtocol.swift; sourceTree = "<group>"; };
		043A3C9126BF0EDD00748E3B /* PlaybackButton.swift */ = {isa = PBXFileReference; lastKnownFileType = sourcecode.swift; path = PlaybackButton.swift; sourceTree = "<group>"; };
		043A3C9326C1829900748E3B /* VideoTherapyPlayer.swift */ = {isa = PBXFileReference; lastKnownFileType = sourcecode.swift; path = VideoTherapyPlayer.swift; sourceTree = "<group>"; };
		043A3C9526C1DA6900748E3B /* TimelineSlider.swift */ = {isa = PBXFileReference; lastKnownFileType = sourcecode.swift; path = TimelineSlider.swift; sourceTree = "<group>"; };
		043A3C9A26C2EA8700748E3B /* PlaybackRateButton.swift */ = {isa = PBXFileReference; lastKnownFileType = sourcecode.swift; path = PlaybackRateButton.swift; sourceTree = "<group>"; };
		043A3C9D26C2ECEA00748E3B /* PlaybackRates.swift */ = {isa = PBXFileReference; lastKnownFileType = sourcecode.swift; path = PlaybackRates.swift; sourceTree = "<group>"; };
		0477DE1A26C3268900D670FE /* VideoTherapyViewModel.swift */ = {isa = PBXFileReference; fileEncoding = 4; lastKnownFileType = sourcecode.swift; path = VideoTherapyViewModel.swift; sourceTree = "<group>"; };
		0477DE1B26C3268900D670FE /* VideoTherapyModel.swift */ = {isa = PBXFileReference; fileEncoding = 4; lastKnownFileType = sourcecode.swift; path = VideoTherapyModel.swift; sourceTree = "<group>"; };
		0477DE1C26C3268900D670FE /* VideoTherapyViewController.swift */ = {isa = PBXFileReference; fileEncoding = 4; lastKnownFileType = sourcecode.swift; path = VideoTherapyViewController.swift; sourceTree = "<group>"; };
		0477DE2026C3292B00D670FE /* TherapyCoordinator.swift */ = {isa = PBXFileReference; lastKnownFileType = sourcecode.swift; path = TherapyCoordinator.swift; sourceTree = "<group>"; };
		0477DE2326C32A6700D670FE /* TherapyQuestionViewController.swift */ = {isa = PBXFileReference; lastKnownFileType = sourcecode.swift; path = TherapyQuestionViewController.swift; sourceTree = "<group>"; };
/* End PBXFileReference section */

/* Begin PBXFrameworksBuildPhase section */
		043A3C7126BDADC200748E3B /* Frameworks */ = {
			isa = PBXFrameworksBuildPhase;
			buildActionMask = 2147483647;
			files = (
			);
			runOnlyForDeploymentPostprocessing = 0;
		};
/* End PBXFrameworksBuildPhase section */

/* Begin PBXGroup section */
		043A3C6B26BDADC200748E3B = {
			isa = PBXGroup;
			children = (
				043A3C7626BDADC200748E3B /* CustomVideoPlayer */,
				043A3C7526BDADC200748E3B /* Products */,
			);
			sourceTree = "<group>";
		};
		043A3C7526BDADC200748E3B /* Products */ = {
			isa = PBXGroup;
			children = (
				043A3C7426BDADC200748E3B /* CustomVideoPlayer.app */,
			);
			name = Products;
			sourceTree = "<group>";
		};
		043A3C7626BDADC200748E3B /* CustomVideoPlayer */ = {
			isa = PBXGroup;
			children = (
				043A3CA326C3263A00748E3B /* Presentation */,
				043A3C8D26BF0BCD00748E3B /* VideoTherapyPlayer */,
				043A3C7726BDADC200748E3B /* AppDelegate.swift */,
				043A3C7926BDADC200748E3B /* SceneDelegate.swift */,
				043A3C8026BDADC500748E3B /* Assets.xcassets */,
				043A3C8226BDADC500748E3B /* LaunchScreen.storyboard */,
				043A3C8526BDADC500748E3B /* Info.plist */,
			);
			path = CustomVideoPlayer;
			sourceTree = "<group>";
		};
		043A3C8D26BF0BCD00748E3B /* VideoTherapyPlayer */ = {
			isa = PBXGroup;
			children = (
				043A3C9026BF0E9800748E3B /* SubModules */,
				043A3C8B26BDAF4D00748E3B /* VideoTherapyPlayerView.swift */,
				043A3C8E26BF0BEF00748E3B /* VideoTherapyPlayerProtocol.swift */,
				043A3C9326C1829900748E3B /* VideoTherapyPlayer.swift */,
			);
			path = VideoTherapyPlayer;
			sourceTree = "<group>";
		};
		043A3C9026BF0E9800748E3B /* SubModules */ = {
			isa = PBXGroup;
			children = (
				043A3C9C26C2ECDE00748E3B /* Views */,
				043A3C9D26C2ECEA00748E3B /* PlaybackRates.swift */,
			);
			path = SubModules;
			sourceTree = "<group>";
		};
		043A3C9C26C2ECDE00748E3B /* Views */ = {
			isa = PBXGroup;
			children = (
				043A3C9126BF0EDD00748E3B /* PlaybackButton.swift */,
				043A3C9526C1DA6900748E3B /* TimelineSlider.swift */,
				043A3C9A26C2EA8700748E3B /* PlaybackRateButton.swift */,
			);
			path = Views;
			sourceTree = "<group>";
		};
		043A3CA326C3263A00748E3B /* Presentation */ = {
			isa = PBXGroup;
			children = (
				0477DE2226C32A1700D670FE /* TherapyQuestionModule */,
				0477DE1926C3268900D670FE /* VideoTherapyModule */,
				0477DE2026C3292B00D670FE /* TherapyCoordinator.swift */,
			);
			path = Presentation;
			sourceTree = "<group>";
		};
		0477DE1926C3268900D670FE /* VideoTherapyModule */ = {
			isa = PBXGroup;
			children = (
				0477DE1A26C3268900D670FE /* VideoTherapyViewModel.swift */,
				0477DE1B26C3268900D670FE /* VideoTherapyModel.swift */,
				0477DE1C26C3268900D670FE /* VideoTherapyViewController.swift */,
			);
			path = VideoTherapyModule;
			sourceTree = "<group>";
		};
		0477DE2226C32A1700D670FE /* TherapyQuestionModule */ = {
			isa = PBXGroup;
			children = (
				0477DE2326C32A6700D670FE /* TherapyQuestionViewController.swift */,
			);
			path = TherapyQuestionModule;
			sourceTree = "<group>";
		};
/* End PBXGroup section */

/* Begin PBXNativeTarget section */
		043A3C7326BDADC200748E3B /* CustomVideoPlayer */ = {
			isa = PBXNativeTarget;
			buildConfigurationList = 043A3C8826BDADC500748E3B /* Build configuration list for PBXNativeTarget "CustomVideoPlayer" */;
			buildPhases = (
				043A3C7026BDADC200748E3B /* Sources */,
				043A3C7126BDADC200748E3B /* Frameworks */,
				043A3C7226BDADC200748E3B /* Resources */,
			);
			buildRules = (
			);
			dependencies = (
			);
			name = CustomVideoPlayer;
			productName = CustomVideoPlayer;
			productReference = 043A3C7426BDADC200748E3B /* CustomVideoPlayer.app */;
			productType = "com.apple.product-type.application";
		};
/* End PBXNativeTarget section */

/* Begin PBXProject section */
		043A3C6C26BDADC200748E3B /* Project object */ = {
			isa = PBXProject;
			attributes = {
				LastSwiftUpdateCheck = 1250;
				LastUpgradeCheck = 1250;
				TargetAttributes = {
					043A3C7326BDADC200748E3B = {
						CreatedOnToolsVersion = 12.5;
					};
				};
			};
			buildConfigurationList = 043A3C6F26BDADC200748E3B /* Build configuration list for PBXProject "CustomVideoPlayer" */;
			compatibilityVersion = "Xcode 9.3";
			developmentRegion = en;
			hasScannedForEncodings = 0;
			knownRegions = (
				en,
				Base,
			);
			mainGroup = 043A3C6B26BDADC200748E3B;
			productRefGroup = 043A3C7526BDADC200748E3B /* Products */;
			projectDirPath = "";
			projectRoot = "";
			targets = (
				043A3C7326BDADC200748E3B /* CustomVideoPlayer */,
			);
		};
/* End PBXProject section */

/* Begin PBXResourcesBuildPhase section */
		043A3C7226BDADC200748E3B /* Resources */ = {
			isa = PBXResourcesBuildPhase;
			buildActionMask = 2147483647;
			files = (
				043A3C8426BDADC500748E3B /* LaunchScreen.storyboard in Resources */,
				043A3C8126BDADC500748E3B /* Assets.xcassets in Resources */,
			);
			runOnlyForDeploymentPostprocessing = 0;
		};
/* End PBXResourcesBuildPhase section */

/* Begin PBXSourcesBuildPhase section */
		043A3C7026BDADC200748E3B /* Sources */ = {
			isa = PBXSourcesBuildPhase;
			buildActionMask = 2147483647;
			files = (
				043A3C9226BF0EDD00748E3B /* PlaybackButton.swift in Sources */,
				043A3C9626C1DA6A00748E3B /* TimelineSlider.swift in Sources */,
				0477DE2126C3292B00D670FE /* TherapyCoordinator.swift in Sources */,
				043A3C9E26C2ECEA00748E3B /* PlaybackRates.swift in Sources */,
				043A3C9426C1829900748E3B /* VideoTherapyPlayer.swift in Sources */,
				043A3C7826BDADC200748E3B /* AppDelegate.swift in Sources */,
				0477DE1D26C3268900D670FE /* VideoTherapyViewModel.swift in Sources */,
				043A3C9B26C2EA8700748E3B /* PlaybackRateButton.swift in Sources */,
				043A3C7A26BDADC200748E3B /* SceneDelegate.swift in Sources */,
				0477DE1F26C3268900D670FE /* VideoTherapyViewController.swift in Sources */,
				0477DE1E26C3268900D670FE /* VideoTherapyModel.swift in Sources */,
				043A3C8F26BF0BEF00748E3B /* VideoTherapyPlayerProtocol.swift in Sources */,
				0477DE2426C32A6700D670FE /* TherapyQuestionViewController.swift in Sources */,
				043A3C8C26BDAF4D00748E3B /* VideoTherapyPlayerView.swift in Sources */,
			);
			runOnlyForDeploymentPostprocessing = 0;
		};
/* End PBXSourcesBuildPhase section */

/* Begin PBXVariantGroup section */
		043A3C8226BDADC500748E3B /* LaunchScreen.storyboard */ = {
			isa = PBXVariantGroup;
			children = (
				043A3C8326BDADC500748E3B /* Base */,
			);
			name = LaunchScreen.storyboard;
			sourceTree = "<group>";
		};
/* End PBXVariantGroup section */

/* Begin XCBuildConfiguration section */
		043A3C8626BDADC500748E3B /* Debug */ = {
			isa = XCBuildConfiguration;
			buildSettings = {
				ALWAYS_SEARCH_USER_PATHS = NO;
				CLANG_ANALYZER_NONNULL = YES;
				CLANG_ANALYZER_NUMBER_OBJECT_CONVERSION = YES_AGGRESSIVE;
				CLANG_CXX_LANGUAGE_STANDARD = "gnu++14";
				CLANG_CXX_LIBRARY = "libc++";
				CLANG_ENABLE_MODULES = YES;
				CLANG_ENABLE_OBJC_ARC = YES;
				CLANG_ENABLE_OBJC_WEAK = YES;
				CLANG_WARN_BLOCK_CAPTURE_AUTORELEASING = YES;
				CLANG_WARN_BOOL_CONVERSION = YES;
				CLANG_WARN_COMMA = YES;
				CLANG_WARN_CONSTANT_CONVERSION = YES;
				CLANG_WARN_DEPRECATED_OBJC_IMPLEMENTATIONS = YES;
				CLANG_WARN_DIRECT_OBJC_ISA_USAGE = YES_ERROR;
				CLANG_WARN_DOCUMENTATION_COMMENTS = YES;
				CLANG_WARN_EMPTY_BODY = YES;
				CLANG_WARN_ENUM_CONVERSION = YES;
				CLANG_WARN_INFINITE_RECURSION = YES;
				CLANG_WARN_INT_CONVERSION = YES;
				CLANG_WARN_NON_LITERAL_NULL_CONVERSION = YES;
				CLANG_WARN_OBJC_IMPLICIT_RETAIN_SELF = YES;
				CLANG_WARN_OBJC_LITERAL_CONVERSION = YES;
				CLANG_WARN_OBJC_ROOT_CLASS = YES_ERROR;
				CLANG_WARN_QUOTED_INCLUDE_IN_FRAMEWORK_HEADER = YES;
				CLANG_WARN_RANGE_LOOP_ANALYSIS = YES;
				CLANG_WARN_STRICT_PROTOTYPES = YES;
				CLANG_WARN_SUSPICIOUS_MOVE = YES;
				CLANG_WARN_UNGUARDED_AVAILABILITY = YES_AGGRESSIVE;
				CLANG_WARN_UNREACHABLE_CODE = YES;
				CLANG_WARN__DUPLICATE_METHOD_MATCH = YES;
				COPY_PHASE_STRIP = NO;
				DEBUG_INFORMATION_FORMAT = dwarf;
				ENABLE_STRICT_OBJC_MSGSEND = YES;
				ENABLE_TESTABILITY = YES;
				GCC_C_LANGUAGE_STANDARD = gnu11;
				GCC_DYNAMIC_NO_PIC = NO;
				GCC_NO_COMMON_BLOCKS = YES;
				GCC_OPTIMIZATION_LEVEL = 0;
				GCC_PREPROCESSOR_DEFINITIONS = (
					"DEBUG=1",
					"$(inherited)",
				);
				GCC_WARN_64_TO_32_BIT_CONVERSION = YES;
				GCC_WARN_ABOUT_RETURN_TYPE = YES_ERROR;
				GCC_WARN_UNDECLARED_SELECTOR = YES;
				GCC_WARN_UNINITIALIZED_AUTOS = YES_AGGRESSIVE;
				GCC_WARN_UNUSED_FUNCTION = YES;
				GCC_WARN_UNUSED_VARIABLE = YES;
				IPHONEOS_DEPLOYMENT_TARGET = 14.5;
				MTL_ENABLE_DEBUG_INFO = INCLUDE_SOURCE;
				MTL_FAST_MATH = YES;
				ONLY_ACTIVE_ARCH = YES;
				SDKROOT = iphoneos;
				SWIFT_ACTIVE_COMPILATION_CONDITIONS = DEBUG;
				SWIFT_OPTIMIZATION_LEVEL = "-Onone";
			};
			name = Debug;
		};
		043A3C8726BDADC500748E3B /* Release */ = {
			isa = XCBuildConfiguration;
			buildSettings = {
				ALWAYS_SEARCH_USER_PATHS = NO;
				CLANG_ANALYZER_NONNULL = YES;
				CLANG_ANALYZER_NUMBER_OBJECT_CONVERSION = YES_AGGRESSIVE;
				CLANG_CXX_LANGUAGE_STANDARD = "gnu++14";
				CLANG_CXX_LIBRARY = "libc++";
				CLANG_ENABLE_MODULES = YES;
				CLANG_ENABLE_OBJC_ARC = YES;
				CLANG_ENABLE_OBJC_WEAK = YES;
				CLANG_WARN_BLOCK_CAPTURE_AUTORELEASING = YES;
				CLANG_WARN_BOOL_CONVERSION = YES;
				CLANG_WARN_COMMA = YES;
				CLANG_WARN_CONSTANT_CONVERSION = YES;
				CLANG_WARN_DEPRECATED_OBJC_IMPLEMENTATIONS = YES;
				CLANG_WARN_DIRECT_OBJC_ISA_USAGE = YES_ERROR;
				CLANG_WARN_DOCUMENTATION_COMMENTS = YES;
				CLANG_WARN_EMPTY_BODY = YES;
				CLANG_WARN_ENUM_CONVERSION = YES;
				CLANG_WARN_INFINITE_RECURSION = YES;
				CLANG_WARN_INT_CONVERSION = YES;
				CLANG_WARN_NON_LITERAL_NULL_CONVERSION = YES;
				CLANG_WARN_OBJC_IMPLICIT_RETAIN_SELF = YES;
				CLANG_WARN_OBJC_LITERAL_CONVERSION = YES;
				CLANG_WARN_OBJC_ROOT_CLASS = YES_ERROR;
				CLANG_WARN_QUOTED_INCLUDE_IN_FRAMEWORK_HEADER = YES;
				CLANG_WARN_RANGE_LOOP_ANALYSIS = YES;
				CLANG_WARN_STRICT_PROTOTYPES = YES;
				CLANG_WARN_SUSPICIOUS_MOVE = YES;
				CLANG_WARN_UNGUARDED_AVAILABILITY = YES_AGGRESSIVE;
				CLANG_WARN_UNREACHABLE_CODE = YES;
				CLANG_WARN__DUPLICATE_METHOD_MATCH = YES;
				COPY_PHASE_STRIP = NO;
				DEBUG_INFORMATION_FORMAT = "dwarf-with-dsym";
				ENABLE_NS_ASSERTIONS = NO;
				ENABLE_STRICT_OBJC_MSGSEND = YES;
				GCC_C_LANGUAGE_STANDARD = gnu11;
				GCC_NO_COMMON_BLOCKS = YES;
				GCC_WARN_64_TO_32_BIT_CONVERSION = YES;
				GCC_WARN_ABOUT_RETURN_TYPE = YES_ERROR;
				GCC_WARN_UNDECLARED_SELECTOR = YES;
				GCC_WARN_UNINITIALIZED_AUTOS = YES_AGGRESSIVE;
				GCC_WARN_UNUSED_FUNCTION = YES;
				GCC_WARN_UNUSED_VARIABLE = YES;
				IPHONEOS_DEPLOYMENT_TARGET = 14.5;
				MTL_ENABLE_DEBUG_INFO = NO;
				MTL_FAST_MATH = YES;
				SDKROOT = iphoneos;
				SWIFT_COMPILATION_MODE = wholemodule;
				SWIFT_OPTIMIZATION_LEVEL = "-O";
				VALIDATE_PRODUCT = YES;
			};
			name = Release;
		};
		043A3C8926BDADC500748E3B /* Debug */ = {
			isa = XCBuildConfiguration;
			buildSettings = {
				ASSETCATALOG_COMPILER_APPICON_NAME = AppIcon;
				ASSETCATALOG_COMPILER_GLOBAL_ACCENT_COLOR_NAME = AccentColor;
				CODE_SIGN_STYLE = Automatic;
				DEVELOPMENT_TEAM = DB44FJSJ3D;
				INFOPLIST_FILE = CustomVideoPlayer/Info.plist;
				LD_RUNPATH_SEARCH_PATHS = (
					"$(inherited)",
					"@executable_path/Frameworks",
				);
				PRODUCT_BUNDLE_IDENTIFIER = xyz.goshanchik.CustomVideoPlayer;
				PRODUCT_NAME = "$(TARGET_NAME)";
				SWIFT_VERSION = 5.0;
				TARGETED_DEVICE_FAMILY = "1,2";
			};
			name = Debug;
		};
		043A3C8A26BDADC500748E3B /* Release */ = {
			isa = XCBuildConfiguration;
			buildSettings = {
				ASSETCATALOG_COMPILER_APPICON_NAME = AppIcon;
				ASSETCATALOG_COMPILER_GLOBAL_ACCENT_COLOR_NAME = AccentColor;
				CODE_SIGN_STYLE = Automatic;
				DEVELOPMENT_TEAM = DB44FJSJ3D;
				INFOPLIST_FILE = CustomVideoPlayer/Info.plist;
				LD_RUNPATH_SEARCH_PATHS = (
					"$(inherited)",
					"@executable_path/Frameworks",
				);
				PRODUCT_BUNDLE_IDENTIFIER = xyz.goshanchik.CustomVideoPlayer;
				PRODUCT_NAME = "$(TARGET_NAME)";
				SWIFT_VERSION = 5.0;
				TARGETED_DEVICE_FAMILY = "1,2";
			};
			name = Release;
		};
/* End XCBuildConfiguration section */

/* Begin XCConfigurationList section */
		043A3C6F26BDADC200748E3B /* Build configuration list for PBXProject "CustomVideoPlayer" */ = {
			isa = XCConfigurationList;
			buildConfigurations = (
				043A3C8626BDADC500748E3B /* Debug */,
				043A3C8726BDADC500748E3B /* Release */,
			);
			defaultConfigurationIsVisible = 0;
			defaultConfigurationName = Release;
		};
		043A3C8826BDADC500748E3B /* Build configuration list for PBXNativeTarget "CustomVideoPlayer" */ = {
			isa = XCConfigurationList;
			buildConfigurations = (
				043A3C8926BDADC500748E3B /* Debug */,
				043A3C8A26BDADC500748E3B /* Release */,
			);
			defaultConfigurationIsVisible = 0;
			defaultConfigurationName = Release;
		};
/* End XCConfigurationList section */
	};
	rootObject = 043A3C6C26BDADC200748E3B /* Project object */;
}
